
Microsoft Visual Studio Solution File, Format Version 12.00
# Visual Studio Version 16
VisualStudioVersion = 16.0.29905.134
MinimumVisualStudioVersion = 10.0.40219.1
Project("{9A19103F-16F7-4668-BE54-9A1E7A4F7556}") = "my-new-app", "my-new-app.csproj", "{2877189F-EBF7-4A66-9B33-25C0482C2216}"
EndProject
Global
	GlobalSection(SolutionConfigurationPlatforms) = preSolution
		Debug|Any CPU = Debug|Any CPU
		Release|Any CPU = Release|Any CPU
	EndGlobalSection
	GlobalSection(ProjectConfigurationPlatforms) = postSolution
		{2877189F-EBF7-4A66-9B33-25C0482C2216}.Debug|Any CPU.ActiveCfg = Debug|Any CPU
		{2877189F-EBF7-4A66-9B33-25C0482C2216}.Debug|Any CPU.Build.0 = Debug|Any CPU
		{2877189F-EBF7-4A66-9B33-25C0482C2216}.Release|Any CPU.ActiveCfg = Release|Any CPU
		{2877189F-EBF7-4A66-9B33-25C0482C2216}.Release|Any CPU.Build.0 = Release|Any CPU
	EndGlobalSection
	GlobalSection(SolutionProperties) = preSolution
		HideSolutionNode = FALSE
	EndGlobalSection
	GlobalSection(ExtensibilityGlobals) = postSolution
		SolutionGuid = {2B9DEDE8-053E-4F6E-87D1-158418D30203}
	EndGlobalSection
EndGlobal
